
Microsoft Visual Studio Solution File, Format Version 12.00
# Visual Studio Version 17
VisualStudioVersion = 17.6.33712.159
MinimumVisualStudioVersion = 10.0.40219.1
Project("{FAE04EC0-301F-11D3-BF4B-00C04F79EFBC}") = "BethanysPieShop", "BethanysPieShop\BethanysPieShop.csproj", "{E6D2644E-155E-4D20-8E87-9DEC61B61B26}"
EndProject
Global
	GlobalSection(SolutionConfigurationPlatforms) = preSolution
		Debug|Any CPU = Debug|Any CPU
		Release|Any CPU = Release|Any CPU
	EndGlobalSection
	GlobalSection(ProjectConfigurationPlatforms) = postSolution
		{E6D2644E-155E-4D20-8E87-9DEC61B61B26}.Debug|Any CPU.ActiveCfg = Debug|Any CPU
		{E6D2644E-155E-4D20-8E87-9DEC61B61B26}.Debug|Any CPU.Build.0 = Debug|Any CPU
		{E6D2644E-155E-4D20-8E87-9DEC61B61B26}.Release|Any CPU.ActiveCfg = Release|Any CPU
		{E6D2644E-155E-4D20-8E87-9DEC61B61B26}.Release|Any CPU.Build.0 = Release|Any CPU
	EndGlobalSection
	GlobalSection(SolutionProperties) = preSolution
		HideSolutionNode = FALSE
	EndGlobalSection
	GlobalSection(ExtensibilityGlobals) = postSolution
		SolutionGuid = {B4AF7EA6-6359-46B9-AC4D-ECD29DA12EFD}
	EndGlobalSection
EndGlobal
